// !$*UTF8*$!
{
	archiveVersion = 1;
	classes = {
	};
	objectVersion = 50;
	objects = {

/* Begin PBXBuildFile section */
		6870CE072549DB17008877CC /* AppDelegate.swift in Sources */ = {isa = PBXBuildFile; fileRef = 6870CE062549DB17008877CC /* AppDelegate.swift */; };
		6870CE092549DB17008877CC /* SceneDelegate.swift in Sources */ = {isa = PBXBuildFile; fileRef = 6870CE082549DB17008877CC /* SceneDelegate.swift */; };
		6870CE0B2549DB17008877CC /* ViewController.swift in Sources */ = {isa = PBXBuildFile; fileRef = 6870CE0A2549DB17008877CC /* ViewController.swift */; };
		6870CE0E2549DB17008877CC /* Main.storyboard in Resources */ = {isa = PBXBuildFile; fileRef = 6870CE0C2549DB17008877CC /* Main.storyboard */; };
		6870CE102549DB18008877CC /* Assets.xcassets in Resources */ = {isa = PBXBuildFile; fileRef = 6870CE0F2549DB18008877CC /* Assets.xcassets */; };
		6870CE132549DB18008877CC /* LaunchScreen.storyboard in Resources */ = {isa = PBXBuildFile; fileRef = 6870CE112549DB18008877CC /* LaunchScreen.storyboard */; };
		6870CE1E2549DB18008877CC /* ShoppingListTests.swift in Sources */ = {isa = PBXBuildFile; fileRef = 6870CE1D2549DB18008877CC /* ShoppingListTests.swift */; };
		6870CE292549DB18008877CC /* ShoppingListUITests.swift in Sources */ = {isa = PBXBuildFile; fileRef = 6870CE282549DB18008877CC /* ShoppingListUITests.swift */; };
		689A4620254BDE1300F27E8A /* SaveViewController.swift in Sources */ = {isa = PBXBuildFile; fileRef = 689A461F254BDE1300F27E8A /* SaveViewController.swift */; };
/* End PBXBuildFile section */

/* Begin PBXContainerItemProxy section */
		6870CE1A2549DB18008877CC /* PBXContainerItemProxy */ = {
			isa = PBXContainerItemProxy;
			containerPortal = 6870CDFB2549DB17008877CC /* Project object */;
			proxyType = 1;
			remoteGlobalIDString = 6870CE022549DB17008877CC;
			remoteInfo = ShoppingList;
		};
		6870CE252549DB18008877CC /* PBXContainerItemProxy */ = {
			isa = PBXContainerItemProxy;
			containerPortal = 6870CDFB2549DB17008877CC /* Project object */;
			proxyType = 1;
			remoteGlobalIDString = 6870CE022549DB17008877CC;
			remoteInfo = ShoppingList;
		};
/* End PBXContainerItemProxy section */

/* Begin PBXFileReference section */
		6870CE032549DB17008877CC /* ShoppingList.app */ = {isa = PBXFileReference; explicitFileType = wrapper.application; includeInIndex = 0; path = ShoppingList.app; sourceTree = BUILT_PRODUCTS_DIR; };
		6870CE062549DB17008877CC /* AppDelegate.swift */ = {isa = PBXFileReference; lastKnownFileType = sourcecode.swift; path = AppDelegate.swift; sourceTree = "<group>"; };
		6870CE082549DB17008877CC /* SceneDelegate.swift */ = {isa = PBXFileReference; lastKnownFileType = sourcecode.swift; path = SceneDelegate.swift; sourceTree = "<group>"; };
		6870CE0A2549DB17008877CC /* ViewController.swift */ = {isa = PBXFileReference; lastKnownFileType = sourcecode.swift; path = ViewController.swift; sourceTree = "<group>"; };
		6870CE0D2549DB17008877CC /* Base */ = {isa = PBXFileReference; lastKnownFileType = file.storyboard; name = Base; path = Base.lproj/Main.storyboard; sourceTree = "<group>"; };
		6870CE0F2549DB18008877CC /* Assets.xcassets */ = {isa = PBXFileReference; lastKnownFileType = folder.assetcatalog; path = Assets.xcassets; sourceTree = "<group>"; };
		6870CE122549DB18008877CC /* Base */ = {isa = PBXFileReference; lastKnownFileType = file.storyboard; name = Base; path = Base.lproj/LaunchScreen.storyboard; sourceTree = "<group>"; };
		6870CE142549DB18008877CC /* Info.plist */ = {isa = PBXFileReference; lastKnownFileType = text.plist.xml; path = Info.plist; sourceTree = "<group>"; };
		6870CE192549DB18008877CC /* ShoppingListTests.xctest */ = {isa = PBXFileReference; explicitFileType = wrapper.cfbundle; includeInIndex = 0; path = ShoppingListTests.xctest; sourceTree = BUILT_PRODUCTS_DIR; };
		6870CE1D2549DB18008877CC /* ShoppingListTests.swift */ = {isa = PBXFileReference; lastKnownFileType = sourcecode.swift; path = ShoppingListTests.swift; sourceTree = "<group>"; };
		6870CE1F2549DB18008877CC /* Info.plist */ = {isa = PBXFileReference; lastKnownFileType = text.plist.xml; path = Info.plist; sourceTree = "<group>"; };
		6870CE242549DB18008877CC /* ShoppingListUITests.xctest */ = {isa = PBXFileReference; explicitFileType = wrapper.cfbundle; includeInIndex = 0; path = ShoppingListUITests.xctest; sourceTree = BUILT_PRODUCTS_DIR; };
		6870CE282549DB18008877CC /* ShoppingListUITests.swift */ = {isa = PBXFileReference; lastKnownFileType = sourcecode.swift; path = ShoppingListUITests.swift; sourceTree = "<group>"; };
		6870CE2A2549DB18008877CC /* Info.plist */ = {isa = PBXFileReference; lastKnownFileType = text.plist.xml; path = Info.plist; sourceTree = "<group>"; };
		689A461F254BDE1300F27E8A /* SaveViewController.swift */ = {isa = PBXFileReference; lastKnownFileType = sourcecode.swift; path = SaveViewController.swift; sourceTree = "<group>"; };
/* End PBXFileReference section */

/* Begin PBXFrameworksBuildPhase section */
		6870CE002549DB17008877CC /* Frameworks */ = {
			isa = PBXFrameworksBuildPhase;
			buildActionMask = 2147483647;
			files = (
			);
			runOnlyForDeploymentPostprocessing = 0;
		};
		6870CE162549DB18008877CC /* Frameworks */ = {
			isa = PBXFrameworksBuildPhase;
			buildActionMask = 2147483647;
			files = (
			);
			runOnlyForDeploymentPostprocessing = 0;
		};
		6870CE212549DB18008877CC /* Frameworks */ = {
			isa = PBXFrameworksBuildPhase;
			buildActionMask = 2147483647;
			files = (
			);
			runOnlyForDeploymentPostprocessing = 0;
		};
/* End PBXFrameworksBuildPhase section */

/* Begin PBXGroup section */
		6870CDFA2549DB17008877CC = {
			isa = PBXGroup;
			children = (
				6870CE052549DB17008877CC /* ShoppingList */,
				6870CE1C2549DB18008877CC /* ShoppingListTests */,
				6870CE272549DB18008877CC /* ShoppingListUITests */,
				6870CE042549DB17008877CC /* Products */,
			);
			sourceTree = "<group>";
		};
		6870CE042549DB17008877CC /* Products */ = {
			isa = PBXGroup;
			children = (
				6870CE032549DB17008877CC /* ShoppingList.app */,
				6870CE192549DB18008877CC /* ShoppingListTests.xctest */,
				6870CE242549DB18008877CC /* ShoppingListUITests.xctest */,
			);
			name = Products;
			sourceTree = "<group>";
		};
		6870CE052549DB17008877CC /* ShoppingList */ = {
			isa = PBXGroup;
			children = (
				6870CE062549DB17008877CC /* AppDelegate.swift */,
				6870CE082549DB17008877CC /* SceneDelegate.swift */,
				6870CE0A2549DB17008877CC /* ViewController.swift */,
				6870CE0C2549DB17008877CC /* Main.storyboard */,
				6870CE0F2549DB18008877CC /* Assets.xcassets */,
				6870CE112549DB18008877CC /* LaunchScreen.storyboard */,
				6870CE142549DB18008877CC /* Info.plist */,
				689A461F254BDE1300F27E8A /* SaveViewController.swift */,
			);
			path = ShoppingList;
			sourceTree = "<group>";
		};
		6870CE1C2549DB18008877CC /* ShoppingListTests */ = {
			isa = PBXGroup;
			children = (
				6870CE1D2549DB18008877CC /* ShoppingListTests.swift */,
				6870CE1F2549DB18008877CC /* Info.plist */,
			);
			path = ShoppingListTests;
			sourceTree = "<group>";
		};
		6870CE272549DB18008877CC /* ShoppingListUITests */ = {
			isa = PBXGroup;
			children = (
				6870CE282549DB18008877CC /* ShoppingListUITests.swift */,
				6870CE2A2549DB18008877CC /* Info.plist */,
			);
			path = ShoppingListUITests;
			sourceTree = "<group>";
		};
/* End PBXGroup section */

/* Begin PBXNativeTarget section */
		6870CE022549DB17008877CC /* ShoppingList */ = {
			isa = PBXNativeTarget;
			buildConfigurationList = 6870CE2D2549DB18008877CC /* Build configuration list for PBXNativeTarget "ShoppingList" */;
			buildPhases = (
				6870CDFF2549DB17008877CC /* Sources */,
				6870CE002549DB17008877CC /* Frameworks */,
				6870CE012549DB17008877CC /* Resources */,
			);
			buildRules = (
			);
			dependencies = (
			);
			name = ShoppingList;
			productName = ShoppingList;
			productReference = 6870CE032549DB17008877CC /* ShoppingList.app */;
			productType = "com.apple.product-type.application";
		};
		6870CE182549DB18008877CC /* ShoppingListTests */ = {
			isa = PBXNativeTarget;
			buildConfigurationList = 6870CE302549DB18008877CC /* Build configuration list for PBXNativeTarget "ShoppingListTests" */;
			buildPhases = (
				6870CE152549DB18008877CC /* Sources */,
				6870CE162549DB18008877CC /* Frameworks */,
				6870CE172549DB18008877CC /* Resources */,
			);
			buildRules = (
			);
			dependencies = (
				6870CE1B2549DB18008877CC /* PBXTargetDependency */,
			);
			name = ShoppingListTests;
			productName = ShoppingListTests;
			productReference = 6870CE192549DB18008877CC /* ShoppingListTests.xctest */;
			productType = "com.apple.product-type.bundle.unit-test";
		};
		6870CE232549DB18008877CC /* ShoppingListUITests */ = {
			isa = PBXNativeTarget;
			buildConfigurationList = 6870CE332549DB18008877CC /* Build configuration list for PBXNativeTarget "ShoppingListUITests" */;
			buildPhases = (
				6870CE202549DB18008877CC /* Sources */,
				6870CE212549DB18008877CC /* Frameworks */,
				6870CE222549DB18008877CC /* Resources */,
			);
			buildRules = (
			);
			dependencies = (
				6870CE262549DB18008877CC /* PBXTargetDependency */,
			);
			name = ShoppingListUITests;
			productName = ShoppingListUITests;
			productReference = 6870CE242549DB18008877CC /* ShoppingListUITests.xctest */;
			productType = "com.apple.product-type.bundle.ui-testing";
		};
/* End PBXNativeTarget section */

/* Begin PBXProject section */
		6870CDFB2549DB17008877CC /* Project object */ = {
			isa = PBXProject;
			attributes = {
				LastSwiftUpdateCheck = 1210;
				LastUpgradeCheck = 1210;
				TargetAttributes = {
					6870CE022549DB17008877CC = {
						CreatedOnToolsVersion = 12.1;
					};
					6870CE182549DB18008877CC = {
						CreatedOnToolsVersion = 12.1;
						TestTargetID = 6870CE022549DB17008877CC;
					};
					6870CE232549DB18008877CC = {
						CreatedOnToolsVersion = 12.1;
						TestTargetID = 6870CE022549DB17008877CC;
					};
				};
			};
			buildConfigurationList = 6870CDFE2549DB17008877CC /* Build configuration list for PBXProject "ShoppingList" */;
			compatibilityVersion = "Xcode 9.3";
			developmentRegion = en;
			hasScannedForEncodings = 0;
			knownRegions = (
				en,
				Base,
			);
			mainGroup = 6870CDFA2549DB17008877CC;
			productRefGroup = 6870CE042549DB17008877CC /* Products */;
			projectDirPath = "";
			projectRoot = "";
			targets = (
				6870CE022549DB17008877CC /* ShoppingList */,
				6870CE182549DB18008877CC /* ShoppingListTests */,
				6870CE232549DB18008877CC /* ShoppingListUITests */,
			);
		};
/* End PBXProject section */

/* Begin PBXResourcesBuildPhase section */
		6870CE012549DB17008877CC /* Resources */ = {
			isa = PBXResourcesBuildPhase;
			buildActionMask = 2147483647;
			files = (
				6870CE132549DB18008877CC /* LaunchScreen.storyboard in Resources */,
				6870CE102549DB18008877CC /* Assets.xcassets in Resources */,
				6870CE0E2549DB17008877CC /* Main.storyboard in Resources */,
			);
			runOnlyForDeploymentPostprocessing = 0;
		};
		6870CE172549DB18008877CC /* Resources */ = {
			isa = PBXResourcesBuildPhase;
			buildActionMask = 2147483647;
			files = (
			);
			runOnlyForDeploymentPostprocessing = 0;
		};
		6870CE222549DB18008877CC /* Resources */ = {
			isa = PBXResourcesBuildPhase;
			buildActionMask = 2147483647;
			files = (
			);
			runOnlyForDeploymentPostprocessing = 0;
		};
/* End PBXResourcesBuildPhase section */

/* Begin PBXSourcesBuildPhase section */
		6870CDFF2549DB17008877CC /* Sources */ = {
			isa = PBXSourcesBuildPhase;
			buildActionMask = 2147483647;
			files = (
				6870CE0B2549DB17008877CC /* ViewController.swift in Sources */,
				689A4620254BDE1300F27E8A /* SaveViewController.swift in Sources */,
				6870CE072549DB17008877CC /* AppDelegate.swift in Sources */,
				6870CE092549DB17008877CC /* SceneDelegate.swift in Sources */,
			);
			runOnlyForDeploymentPostprocessing = 0;
		};
		6870CE152549DB18008877CC /* Sources */ = {
			isa = PBXSourcesBuildPhase;
			buildActionMask = 2147483647;
			files = (
				6870CE1E2549DB18008877CC /* ShoppingListTests.swift in Sources */,
			);
			runOnlyForDeploymentPostprocessing = 0;
		};
		6870CE202549DB18008877CC /* Sources */ = {
			isa = PBXSourcesBuildPhase;
			buildActionMask = 2147483647;
			files = (
				6870CE292549DB18008877CC /* ShoppingListUITests.swift in Sources */,
			);
			runOnlyForDeploymentPostprocessing = 0;
		};
/* End PBXSourcesBuildPhase section */

/* Begin PBXTargetDependency section */
		6870CE1B2549DB18008877CC /* PBXTargetDependency */ = {
			isa = PBXTargetDependency;
			target = 6870CE022549DB17008877CC /* ShoppingList */;
			targetProxy = 6870CE1A2549DB18008877CC /* PBXContainerItemProxy */;
		};
		6870CE262549DB18008877CC /* PBXTargetDependency */ = {
			isa = PBXTargetDependency;
			target = 6870CE022549DB17008877CC /* ShoppingList */;
			targetProxy = 6870CE252549DB18008877CC /* PBXContainerItemProxy */;
		};
/* End PBXTargetDependency section */

/* Begin PBXVariantGroup section */
		6870CE0C2549DB17008877CC /* Main.storyboard */ = {
			isa = PBXVariantGroup;
			children = (
				6870CE0D2549DB17008877CC /* Base */,
			);
			name = Main.storyboard;
			sourceTree = "<group>";
		};
		6870CE112549DB18008877CC /* LaunchScreen.storyboard */ = {
			isa = PBXVariantGroup;
			children = (
				6870CE122549DB18008877CC /* Base */,
			);
			name = LaunchScreen.storyboard;
			sourceTree = "<group>";
		};
/* End PBXVariantGroup section */

/* Begin XCBuildConfiguration section */
		6870CE2B2549DB18008877CC /* Debug */ = {
			isa = XCBuildConfiguration;
			buildSettings = {
				ALWAYS_SEARCH_USER_PATHS = NO;
				CLANG_ANALYZER_NONNULL = YES;
				CLANG_ANALYZER_NUMBER_OBJECT_CONVERSION = YES_AGGRESSIVE;
				CLANG_CXX_LANGUAGE_STANDARD = "gnu++14";
				CLANG_CXX_LIBRARY = "libc++";
				CLANG_ENABLE_MODULES = YES;
				CLANG_ENABLE_OBJC_ARC = YES;
				CLANG_ENABLE_OBJC_WEAK = YES;
				CLANG_WARN_BLOCK_CAPTURE_AUTORELEASING = YES;
				CLANG_WARN_BOOL_CONVERSION = YES;
				CLANG_WARN_COMMA = YES;
				CLANG_WARN_CONSTANT_CONVERSION = YES;
				CLANG_WARN_DEPRECATED_OBJC_IMPLEMENTATIONS = YES;
				CLANG_WARN_DIRECT_OBJC_ISA_USAGE = YES_ERROR;
				CLANG_WARN_DOCUMENTATION_COMMENTS = YES;
				CLANG_WARN_EMPTY_BODY = YES;
				CLANG_WARN_ENUM_CONVERSION = YES;
				CLANG_WARN_INFINITE_RECURSION = YES;
				CLANG_WARN_INT_CONVERSION = YES;
				CLANG_WARN_NON_LITERAL_NULL_CONVERSION = YES;
				CLANG_WARN_OBJC_IMPLICIT_RETAIN_SELF = YES;
				CLANG_WARN_OBJC_LITERAL_CONVERSION = YES;
				CLANG_WARN_OBJC_ROOT_CLASS = YES_ERROR;
				CLANG_WARN_QUOTED_INCLUDE_IN_FRAMEWORK_HEADER = YES;
				CLANG_WARN_RANGE_LOOP_ANALYSIS = YES;
				CLANG_WARN_STRICT_PROTOTYPES = YES;
				CLANG_WARN_SUSPICIOUS_MOVE = YES;
				CLANG_WARN_UNGUARDED_AVAILABILITY = YES_AGGRESSIVE;
				CLANG_WARN_UNREACHABLE_CODE = YES;
				CLANG_WARN__DUPLICATE_METHOD_MATCH = YES;
				COPY_PHASE_STRIP = NO;
				DEBUG_INFORMATION_FORMAT = dwarf;
				ENABLE_STRICT_OBJC_MSGSEND = YES;
				ENABLE_TESTABILITY = YES;
				GCC_C_LANGUAGE_STANDARD = gnu11;
				GCC_DYNAMIC_NO_PIC = NO;
				GCC_NO_COMMON_BLOCKS = YES;
				GCC_OPTIMIZATION_LEVEL = 0;
				GCC_PREPROCESSOR_DEFINITIONS = (
					"DEBUG=1",
					"$(inherited)",
				);
				GCC_WARN_64_TO_32_BIT_CONVERSION = YES;
				GCC_WARN_ABOUT_RETURN_TYPE = YES_ERROR;
				GCC_WARN_UNDECLARED_SELECTOR = YES;
				GCC_WARN_UNINITIALIZED_AUTOS = YES_AGGRESSIVE;
				GCC_WARN_UNUSED_FUNCTION = YES;
				GCC_WARN_UNUSED_VARIABLE = YES;
				IPHONEOS_DEPLOYMENT_TARGET = 14.1;
				MTL_ENABLE_DEBUG_INFO = INCLUDE_SOURCE;
				MTL_FAST_MATH = YES;
				ONLY_ACTIVE_ARCH = YES;
				SDKROOT = iphoneos;
				SWIFT_ACTIVE_COMPILATION_CONDITIONS = DEBUG;
				SWIFT_OPTIMIZATION_LEVEL = "-Onone";
			};
			name = Debug;
		};
		6870CE2C2549DB18008877CC /* Release */ = {
			isa = XCBuildConfiguration;
			buildSettings = {
				ALWAYS_SEARCH_USER_PATHS = NO;
				CLANG_ANALYZER_NONNULL = YES;
				CLANG_ANALYZER_NUMBER_OBJECT_CONVERSION = YES_AGGRESSIVE;
				CLANG_CXX_LANGUAGE_STANDARD = "gnu++14";
				CLANG_CXX_LIBRARY = "libc++";
				CLANG_ENABLE_MODULES = YES;
				CLANG_ENABLE_OBJC_ARC = YES;
				CLANG_ENABLE_OBJC_WEAK = YES;
				CLANG_WARN_BLOCK_CAPTURE_AUTORELEASING = YES;
				CLANG_WARN_BOOL_CONVERSION = YES;
				CLANG_WARN_COMMA = YES;
				CLANG_WARN_CONSTANT_CONVERSION = YES;
				CLANG_WARN_DEPRECATED_OBJC_IMPLEMENTATIONS = YES;
				CLANG_WARN_DIRECT_OBJC_ISA_USAGE = YES_ERROR;
				CLANG_WARN_DOCUMENTATION_COMMENTS = YES;
				CLANG_WARN_EMPTY_BODY = YES;
				CLANG_WARN_ENUM_CONVERSION = YES;
				CLANG_WARN_INFINITE_RECURSION = YES;
				CLANG_WARN_INT_CONVERSION = YES;
				CLANG_WARN_NON_LITERAL_NULL_CONVERSION = YES;
				CLANG_WARN_OBJC_IMPLICIT_RETAIN_SELF = YES;
				CLANG_WARN_OBJC_LITERAL_CONVERSION = YES;
				CLANG_WARN_OBJC_ROOT_CLASS = YES_ERROR;
				CLANG_WARN_QUOTED_INCLUDE_IN_FRAMEWORK_HEADER = YES;
				CLANG_WARN_RANGE_LOOP_ANALYSIS = YES;
				CLANG_WARN_STRICT_PROTOTYPES = YES;
				CLANG_WARN_SUSPICIOUS_MOVE = YES;
				CLANG_WARN_UNGUARDED_AVAILABILITY = YES_AGGRESSIVE;
				CLANG_WARN_UNREACHABLE_CODE = YES;
				CLANG_WARN__DUPLICATE_METHOD_MATCH = YES;
				COPY_PHASE_STRIP = NO;
				DEBUG_INFORMATION_FORMAT = "dwarf-with-dsym";
				ENABLE_NS_ASSERTIONS = NO;
				ENABLE_STRICT_OBJC_MSGSEND = YES;
				GCC_C_LANGUAGE_STANDARD = gnu11;
				GCC_NO_COMMON_BLOCKS = YES;
				GCC_WARN_64_TO_32_BIT_CONVERSION = YES;
				GCC_WARN_ABOUT_RETURN_TYPE = YES_ERROR;
				GCC_WARN_UNDECLARED_SELECTOR = YES;
				GCC_WARN_UNINITIALIZED_AUTOS = YES_AGGRESSIVE;
				GCC_WARN_UNUSED_FUNCTION = YES;
				GCC_WARN_UNUSED_VARIABLE = YES;
				IPHONEOS_DEPLOYMENT_TARGET = 14.1;
				MTL_ENABLE_DEBUG_INFO = NO;
				MTL_FAST_MATH = YES;
				SDKROOT = iphoneos;
				SWIFT_COMPILATION_MODE = wholemodule;
				SWIFT_OPTIMIZATION_LEVEL = "-O";
				VALIDATE_PRODUCT = YES;
			};
			name = Release;
		};
		6870CE2E2549DB18008877CC /* Debug */ = {
			isa = XCBuildConfiguration;
			buildSettings = {
				ASSETCATALOG_COMPILER_APPICON_NAME = AppIcon;
				ASSETCATALOG_COMPILER_GLOBAL_ACCENT_COLOR_NAME = AccentColor;
				CODE_SIGN_STYLE = Automatic;
				INFOPLIST_FILE = ShoppingList/Info.plist;
				LD_RUNPATH_SEARCH_PATHS = (
					"$(inherited)",
					"@executable_path/Frameworks",
				);
				PRODUCT_BUNDLE_IDENTIFIER = com.supriyagadkari.ShoppingList;
				PRODUCT_NAME = "$(TARGET_NAME)";
				SWIFT_VERSION = 5.0;
				TARGETED_DEVICE_FAMILY = "1,2";
			};
			name = Debug;
		};
		6870CE2F2549DB18008877CC /* Release */ = {
			isa = XCBuildConfiguration;
			buildSettings = {
				ASSETCATALOG_COMPILER_APPICON_NAME = AppIcon;
				ASSETCATALOG_COMPILER_GLOBAL_ACCENT_COLOR_NAME = AccentColor;
				CODE_SIGN_STYLE = Automatic;
				INFOPLIST_FILE = ShoppingList/Info.plist;
				LD_RUNPATH_SEARCH_PATHS = (
					"$(inherited)",
					"@executable_path/Frameworks",
				);
				PRODUCT_BUNDLE_IDENTIFIER = com.supriyagadkari.ShoppingList;
				PRODUCT_NAME = "$(TARGET_NAME)";
				SWIFT_VERSION = 5.0;
				TARGETED_DEVICE_FAMILY = "1,2";
			};
			name = Release;
		};
		6870CE312549DB18008877CC /* Debug */ = {
			isa = XCBuildConfiguration;
			buildSettings = {
				ALWAYS_EMBED_SWIFT_STANDARD_LIBRARIES = YES;
				BUNDLE_LOADER = "$(TEST_HOST)";
				CODE_SIGN_STYLE = Automatic;
				INFOPLIST_FILE = ShoppingListTests/Info.plist;
				IPHONEOS_DEPLOYMENT_TARGET = 14.1;
				LD_RUNPATH_SEARCH_PATHS = (
					"$(inherited)",
					"@executable_path/Frameworks",
					"@loader_path/Frameworks",
				);
				PRODUCT_BUNDLE_IDENTIFIER = com.supriyagadkari.ShoppingListTests;
				PRODUCT_NAME = "$(TARGET_NAME)";
				SWIFT_VERSION = 5.0;
				TARGETED_DEVICE_FAMILY = "1,2";
				TEST_HOST = "$(BUILT_PRODUCTS_DIR)/ShoppingList.app/ShoppingList";
			};
			name = Debug;
		};
		6870CE322549DB18008877CC /* Release */ = {
			isa = XCBuildConfiguration;
			buildSettings = {
				ALWAYS_EMBED_SWIFT_STANDARD_LIBRARIES = YES;
				BUNDLE_LOADER = "$(TEST_HOST)";
				CODE_SIGN_STYLE = Automatic;
				INFOPLIST_FILE = ShoppingListTests/Info.plist;
				IPHONEOS_DEPLOYMENT_TARGET = 14.1;
				LD_RUNPATH_SEARCH_PATHS = (
					"$(inherited)",
					"@executable_path/Frameworks",
					"@loader_path/Frameworks",
				);
				PRODUCT_BUNDLE_IDENTIFIER = com.supriyagadkari.ShoppingListTests;
				PRODUCT_NAME = "$(TARGET_NAME)";
				SWIFT_VERSION = 5.0;
				TARGETED_DEVICE_FAMILY = "1,2";
				TEST_HOST = "$(BUILT_PRODUCTS_DIR)/ShoppingList.app/ShoppingList";
			};
			name = Release;
		};
		6870CE342549DB18008877CC /* Debug */ = {
			isa = XCBuildConfiguration;
			buildSettings = {
				ALWAYS_EMBED_SWIFT_STANDARD_LIBRARIES = YES;
				CODE_SIGN_STYLE = Automatic;
				INFOPLIST_FILE = ShoppingListUITests/Info.plist;
				LD_RUNPATH_SEARCH_PATHS = (
					"$(inherited)",
					"@executable_path/Frameworks",
					"@loader_path/Frameworks",
				);
				PRODUCT_BUNDLE_IDENTIFIER = com.supriyagadkari.ShoppingListUITests;
				PRODUCT_NAME = "$(TARGET_NAME)";
				SWIFT_VERSION = 5.0;
				TARGETED_DEVICE_FAMILY = "1,2";
				TEST_TARGET_NAME = ShoppingList;
			};
			name = Debug;
		};
		6870CE352549DB18008877CC /* Release */ = {
			isa = XCBuildConfiguration;
			buildSettings = {
				ALWAYS_EMBED_SWIFT_STANDARD_LIBRARIES = YES;
				CODE_SIGN_STYLE = Automatic;
				INFOPLIST_FILE = ShoppingListUITests/Info.plist;
				LD_RUNPATH_SEARCH_PATHS = (
					"$(inherited)",
					"@executable_path/Frameworks",
					"@loader_path/Frameworks",
				);
				PRODUCT_BUNDLE_IDENTIFIER = com.supriyagadkari.ShoppingListUITests;
				PRODUCT_NAME = "$(TARGET_NAME)";
				SWIFT_VERSION = 5.0;
				TARGETED_DEVICE_FAMILY = "1,2";
				TEST_TARGET_NAME = ShoppingList;
			};
			name = Release;
		};
/* End XCBuildConfiguration section */

/* Begin XCConfigurationList section */
		6870CDFE2549DB17008877CC /* Build configuration list for PBXProject "ShoppingList" */ = {
			isa = XCConfigurationList;
			buildConfigurations = (
				6870CE2B2549DB18008877CC /* Debug */,
				6870CE2C2549DB18008877CC /* Release */,
			);
			defaultConfigurationIsVisible = 0;
			defaultConfigurationName = Release;
		};
		6870CE2D2549DB18008877CC /* Build configuration list for PBXNativeTarget "ShoppingList" */ = {
			isa = XCConfigurationList;
			buildConfigurations = (
				6870CE2E2549DB18008877CC /* Debug */,
				6870CE2F2549DB18008877CC /* Release */,
			);
			defaultConfigurationIsVisible = 0;
			defaultConfigurationName = Release;
		};
		6870CE302549DB18008877CC /* Build configuration list for PBXNativeTarget "ShoppingListTests" */ = {
			isa = XCConfigurationList;
			buildConfigurations = (
				6870CE312549DB18008877CC /* Debug */,
				6870CE322549DB18008877CC /* Release */,
			);
			defaultConfigurationIsVisible = 0;
			defaultConfigurationName = Release;
		};
		6870CE332549DB18008877CC /* Build configuration list for PBXNativeTarget "ShoppingListUITests" */ = {
			isa = XCConfigurationList;
			buildConfigurations = (
				6870CE342549DB18008877CC /* Debug */,
				6870CE352549DB18008877CC /* Release */,
			);
			defaultConfigurationIsVisible = 0;
			defaultConfigurationName = Release;
		};
/* End XCConfigurationList section */
	};
	rootObject = 6870CDFB2549DB17008877CC /* Project object */;
}
